// !$*UTF8*$!
{
	archiveVersion = 1;
	classes = {
	};
	objectVersion = 56;
	objects = {

/* Begin PBXBuildFile section */
		C408C80329735302007C7805 /* App.Elections.swift in Sources */ = {isa = PBXBuildFile; fileRef = C408C80229735302007C7805 /* App.Elections.swift */; };
		C408C80529735302007C7805 /* ContentView.swift in Sources */ = {isa = PBXBuildFile; fileRef = C408C80429735302007C7805 /* ContentView.swift */; };
		C408C80729735303007C7805 /* Assets.xcassets in Resources */ = {isa = PBXBuildFile; fileRef = C408C80629735303007C7805 /* Assets.xcassets */; };
		C408C80B29735303007C7805 /* Preview Assets.xcassets in Resources */ = {isa = PBXBuildFile; fileRef = C408C80A29735303007C7805 /* Preview Assets.xcassets */; };
		C46F84242974733700286FA3 /* Candidate.swift in Sources */ = {isa = PBXBuildFile; fileRef = C46F84232974733700286FA3 /* Candidate.swift */; };
		C46F84262974739D00286FA3 /* NodeName.swift in Sources */ = {isa = PBXBuildFile; fileRef = C46F84252974739D00286FA3 /* NodeName.swift */; };
		C46F8428297473B600286FA3 /* CandidateKey.swift in Sources */ = {isa = PBXBuildFile; fileRef = C46F8427297473B600286FA3 /* CandidateKey.swift */; };
		C46F842A297473EF00286FA3 /* XMLNode.swift in Sources */ = {isa = PBXBuildFile; fileRef = C46F8429297473EF00286FA3 /* XMLNode.swift */; };
		C46F842C2974744500286FA3 /* MicroDOM.swift in Sources */ = {isa = PBXBuildFile; fileRef = C46F842B2974744500286FA3 /* MicroDOM.swift */; };
		C46F842F2974751C00286FA3 /* ElectionResultsService.swift in Sources */ = {isa = PBXBuildFile; fileRef = C46F842E2974751C00286FA3 /* ElectionResultsService.swift */; };
		C46F84312974754E00286FA3 /* ElectionResultsServiceImpl.swift in Sources */ = {isa = PBXBuildFile; fileRef = C46F84302974754E00286FA3 /* ElectionResultsServiceImpl.swift */; };
		C46F8435297475D400286FA3 /* OverallElectionResultsViewModel.swift in Sources */ = {isa = PBXBuildFile; fileRef = C46F8434297475D400286FA3 /* OverallElectionResultsViewModel.swift */; };
		C46F84372974764B00286FA3 /* OverallElectionResultsView.swift in Sources */ = {isa = PBXBuildFile; fileRef = C46F84362974764B00286FA3 /* OverallElectionResultsView.swift */; };
		C46F843A2974780800286FA3 /* AppTabNavigation.swift in Sources */ = {isa = PBXBuildFile; fileRef = C46F84392974780800286FA3 /* AppTabNavigation.swift */; };
/* End PBXBuildFile section */

/* Begin PBXFileReference section */
		C408C7FF29735302007C7805 /* Elections.app */ = {isa = PBXFileReference; explicitFileType = wrapper.application; includeInIndex = 0; path = Elections.app; sourceTree = BUILT_PRODUCTS_DIR; };
		C408C80229735302007C7805 /* App.Elections.swift */ = {isa = PBXFileReference; lastKnownFileType = sourcecode.swift; path = App.Elections.swift; sourceTree = "<group>"; };
		C408C80429735302007C7805 /* ContentView.swift */ = {isa = PBXFileReference; lastKnownFileType = sourcecode.swift; path = ContentView.swift; sourceTree = "<group>"; };
		C408C80629735303007C7805 /* Assets.xcassets */ = {isa = PBXFileReference; lastKnownFileType = folder.assetcatalog; path = Assets.xcassets; sourceTree = "<group>"; };
		C408C80829735303007C7805 /* Elections.entitlements */ = {isa = PBXFileReference; lastKnownFileType = text.plist.entitlements; path = Elections.entitlements; sourceTree = "<group>"; };
		C408C80A29735303007C7805 /* Preview Assets.xcassets */ = {isa = PBXFileReference; lastKnownFileType = folder.assetcatalog; path = "Preview Assets.xcassets"; sourceTree = "<group>"; };
		C46F84232974733700286FA3 /* Candidate.swift */ = {isa = PBXFileReference; lastKnownFileType = sourcecode.swift; path = Candidate.swift; sourceTree = "<group>"; };
		C46F84252974739D00286FA3 /* NodeName.swift */ = {isa = PBXFileReference; lastKnownFileType = sourcecode.swift; path = NodeName.swift; sourceTree = "<group>"; };
		C46F8427297473B600286FA3 /* CandidateKey.swift */ = {isa = PBXFileReference; lastKnownFileType = sourcecode.swift; path = CandidateKey.swift; sourceTree = "<group>"; };
		C46F8429297473EF00286FA3 /* XMLNode.swift */ = {isa = PBXFileReference; lastKnownFileType = sourcecode.swift; path = XMLNode.swift; sourceTree = "<group>"; };
		C46F842B2974744500286FA3 /* MicroDOM.swift */ = {isa = PBXFileReference; lastKnownFileType = sourcecode.swift; path = MicroDOM.swift; sourceTree = "<group>"; };
		C46F842E2974751C00286FA3 /* ElectionResultsService.swift */ = {isa = PBXFileReference; lastKnownFileType = sourcecode.swift; path = ElectionResultsService.swift; sourceTree = "<group>"; };
		C46F84302974754E00286FA3 /* ElectionResultsServiceImpl.swift */ = {isa = PBXFileReference; lastKnownFileType = sourcecode.swift; path = ElectionResultsServiceImpl.swift; sourceTree = "<group>"; };
		C46F8434297475D400286FA3 /* OverallElectionResultsViewModel.swift */ = {isa = PBXFileReference; lastKnownFileType = sourcecode.swift; path = OverallElectionResultsViewModel.swift; sourceTree = "<group>"; };
		C46F84362974764B00286FA3 /* OverallElectionResultsView.swift */ = {isa = PBXFileReference; lastKnownFileType = sourcecode.swift; path = OverallElectionResultsView.swift; sourceTree = "<group>"; };
		C46F84392974780800286FA3 /* AppTabNavigation.swift */ = {isa = PBXFileReference; lastKnownFileType = sourcecode.swift; path = AppTabNavigation.swift; sourceTree = "<group>"; };
/* End PBXFileReference section */

/* Begin PBXFrameworksBuildPhase section */
		C408C7FC29735302007C7805 /* Frameworks */ = {
			isa = PBXFrameworksBuildPhase;
			buildActionMask = 2147483647;
			files = (
			);
			runOnlyForDeploymentPostprocessing = 0;
		};
/* End PBXFrameworksBuildPhase section */

/* Begin PBXGroup section */
		C408C7F629735302007C7805 = {
			isa = PBXGroup;
			children = (
				C408C80129735302007C7805 /* Elections */,
				C408C80029735302007C7805 /* Products */,
			);
			sourceTree = "<group>";
		};
		C408C80029735302007C7805 /* Products */ = {
			isa = PBXGroup;
			children = (
				C408C7FF29735302007C7805 /* Elections.app */,
			);
			name = Products;
			sourceTree = "<group>";
		};
		C408C80129735302007C7805 /* Elections */ = {
			isa = PBXGroup;
			children = (
				C408C8112973533F007C7805 /* App */,
				C46F84222974732200286FA3 /* Model */,
				C40B8B85297353AA0031FA33 /* Resources */,
				C408C81229735356007C7805 /* Screens */,
				C46F8420297472CE00286FA3 /* Services */,
			);
			path = Elections;
			sourceTree = "<group>";
		};
		C408C80929735303007C7805 /* Preview Content */ = {
			isa = PBXGroup;
			children = (
				C408C80A29735303007C7805 /* Preview Assets.xcassets */,
			);
			path = "Preview Content";
			sourceTree = "<group>";
		};
		C408C8112973533F007C7805 /* App */ = {
			isa = PBXGroup;
			children = (
				C408C80229735302007C7805 /* App.Elections.swift */,
			);
			path = App;
			sourceTree = "<group>";
		};
		C408C81229735356007C7805 /* Screens */ = {
			isa = PBXGroup;
			children = (
				C46F843C2974789900286FA3 /* iOS */,
				C46F843D297478F500286FA3 /* macOS */,
				C46F8433297475BF00286FA3 /* OverallElectionResultsView */,
				C46F843E297478FE00286FA3 /* Shared */,
			);
			path = Screens;
			sourceTree = "<group>";
		};
		C40B8B85297353AA0031FA33 /* Resources */ = {
			isa = PBXGroup;
			children = (
				C408C80629735303007C7805 /* Assets.xcassets */,
				C408C80829735303007C7805 /* Elections.entitlements */,
				C408C80929735303007C7805 /* Preview Content */,
			);
			path = Resources;
			sourceTree = "<group>";
		};
		C46F8420297472CE00286FA3 /* Services */ = {
			isa = PBXGroup;
			children = (
				C46F842D2974750100286FA3 /* API */,
				C46F8421297472E500286FA3 /* XMLParsing */,
			);
			path = Services;
			sourceTree = "<group>";
		};
		C46F8421297472E500286FA3 /* XMLParsing */ = {
			isa = PBXGroup;
			children = (
				C46F84252974739D00286FA3 /* NodeName.swift */,
				C46F8427297473B600286FA3 /* CandidateKey.swift */,
				C46F8429297473EF00286FA3 /* XMLNode.swift */,
				C46F842B2974744500286FA3 /* MicroDOM.swift */,
			);
			path = XMLParsing;
			sourceTree = "<group>";
		};
		C46F84222974732200286FA3 /* Model */ = {
			isa = PBXGroup;
			children = (
				C46F84232974733700286FA3 /* Candidate.swift */,
			);
			path = Model;
			sourceTree = "<group>";
		};
		C46F842D2974750100286FA3 /* API */ = {
			isa = PBXGroup;
			children = (
				C46F842E2974751C00286FA3 /* ElectionResultsService.swift */,
				C46F84302974754E00286FA3 /* ElectionResultsServiceImpl.swift */,
			);
			path = API;
			sourceTree = "<group>";
		};
		C46F8433297475BF00286FA3 /* OverallElectionResultsView */ = {
			isa = PBXGroup;
			children = (
				C46F8434297475D400286FA3 /* OverallElectionResultsViewModel.swift */,
				C46F84362974764B00286FA3 /* OverallElectionResultsView.swift */,
			);
			path = OverallElectionResultsView;
			sourceTree = "<group>";
		};
		C46F8438297477CC00286FA3 /* AppTabNavigation */ = {
			isa = PBXGroup;
			children = (
				C46F84392974780800286FA3 /* AppTabNavigation.swift */,
			);
			path = AppTabNavigation;
			sourceTree = "<group>";
		};
		C46F843C2974789900286FA3 /* iOS */ = {
			isa = PBXGroup;
			children = (
				C46F8438297477CC00286FA3 /* AppTabNavigation */,
			);
			path = iOS;
			sourceTree = "<group>";
		};
		C46F843D297478F500286FA3 /* macOS */ = {
			isa = PBXGroup;
			children = (
			);
			path = macOS;
			sourceTree = "<group>";
		};
		C46F843E297478FE00286FA3 /* Shared */ = {
			isa = PBXGroup;
			children = (
				C408C80429735302007C7805 /* ContentView.swift */,
			);
			path = Shared;
			sourceTree = "<group>";
		};
/* End PBXGroup section */

/* Begin PBXNativeTarget section */
		C408C7FE29735302007C7805 /* Elections */ = {
			isa = PBXNativeTarget;
			buildConfigurationList = C408C80E29735303007C7805 /* Build configuration list for PBXNativeTarget "Elections" */;
			buildPhases = (
				C408C7FB29735302007C7805 /* Sources */,
				C408C7FC29735302007C7805 /* Frameworks */,
				C408C7FD29735302007C7805 /* Resources */,
			);
			buildRules = (
			);
			dependencies = (
			);
			name = Elections;
			productName = Elections;
			productReference = C408C7FF29735302007C7805 /* Elections.app */;
			productType = "com.apple.product-type.application";
		};
/* End PBXNativeTarget section */

/* Begin PBXProject section */
		C408C7F729735302007C7805 /* Project object */ = {
			isa = PBXProject;
			attributes = {
				BuildIndependentTargetsInParallel = 1;
				LastSwiftUpdateCheck = 1420;
				LastUpgradeCheck = 1420;
				TargetAttributes = {
					C408C7FE29735302007C7805 = {
						CreatedOnToolsVersion = 14.2;
					};
				};
			};
			buildConfigurationList = C408C7FA29735302007C7805 /* Build configuration list for PBXProject "Elections" */;
			compatibilityVersion = "Xcode 14.0";
			developmentRegion = en;
			hasScannedForEncodings = 0;
			knownRegions = (
				en,
				Base,
			);
			mainGroup = C408C7F629735302007C7805;
			productRefGroup = C408C80029735302007C7805 /* Products */;
			projectDirPath = "";
			projectRoot = "";
			targets = (
				C408C7FE29735302007C7805 /* Elections */,
			);
		};
/* End PBXProject section */

/* Begin PBXResourcesBuildPhase section */
		C408C7FD29735302007C7805 /* Resources */ = {
			isa = PBXResourcesBuildPhase;
			buildActionMask = 2147483647;
			files = (
				C408C80B29735303007C7805 /* Preview Assets.xcassets in Resources */,
				C408C80729735303007C7805 /* Assets.xcassets in Resources */,
			);
			runOnlyForDeploymentPostprocessing = 0;
		};
/* End PBXResourcesBuildPhase section */

/* Begin PBXSourcesBuildPhase section */
		C408C7FB29735302007C7805 /* Sources */ = {
			isa = PBXSourcesBuildPhase;
			buildActionMask = 2147483647;
			files = (
				C46F8428297473B600286FA3 /* CandidateKey.swift in Sources */,
				C46F842A297473EF00286FA3 /* XMLNode.swift in Sources */,
				C46F84372974764B00286FA3 /* OverallElectionResultsView.swift in Sources */,
				C46F84262974739D00286FA3 /* NodeName.swift in Sources */,
				C46F84242974733700286FA3 /* Candidate.swift in Sources */,
				C46F843A2974780800286FA3 /* AppTabNavigation.swift in Sources */,
				C46F8435297475D400286FA3 /* OverallElectionResultsViewModel.swift in Sources */,
				C46F842C2974744500286FA3 /* MicroDOM.swift in Sources */,
				C46F842F2974751C00286FA3 /* ElectionResultsService.swift in Sources */,
				C408C80529735302007C7805 /* ContentView.swift in Sources */,
				C408C80329735302007C7805 /* App.Elections.swift in Sources */,
				C46F84312974754E00286FA3 /* ElectionResultsServiceImpl.swift in Sources */,
			);
			runOnlyForDeploymentPostprocessing = 0;
		};
/* End PBXSourcesBuildPhase section */

/* Begin XCBuildConfiguration section */
		C408C80C29735303007C7805 /* Debug */ = {
			isa = XCBuildConfiguration;
			buildSettings = {
				ALWAYS_SEARCH_USER_PATHS = NO;
				CLANG_ANALYZER_NONNULL = YES;
				CLANG_ANALYZER_NUMBER_OBJECT_CONVERSION = YES_AGGRESSIVE;
				CLANG_CXX_LANGUAGE_STANDARD = "gnu++20";
				CLANG_ENABLE_MODULES = YES;
				CLANG_ENABLE_OBJC_ARC = YES;
				CLANG_ENABLE_OBJC_WEAK = YES;
				CLANG_WARN_BLOCK_CAPTURE_AUTORELEASING = YES;
				CLANG_WARN_BOOL_CONVERSION = YES;
				CLANG_WARN_COMMA = YES;
				CLANG_WARN_CONSTANT_CONVERSION = YES;
				CLANG_WARN_DEPRECATED_OBJC_IMPLEMENTATIONS = YES;
				CLANG_WARN_DIRECT_OBJC_ISA_USAGE = YES_ERROR;
				CLANG_WARN_DOCUMENTATION_COMMENTS = YES;
				CLANG_WARN_EMPTY_BODY = YES;
				CLANG_WARN_ENUM_CONVERSION = YES;
				CLANG_WARN_INFINITE_RECURSION = YES;
				CLANG_WARN_INT_CONVERSION = YES;
				CLANG_WARN_NON_LITERAL_NULL_CONVERSION = YES;
				CLANG_WARN_OBJC_IMPLICIT_RETAIN_SELF = YES;
				CLANG_WARN_OBJC_LITERAL_CONVERSION = YES;
				CLANG_WARN_OBJC_ROOT_CLASS = YES_ERROR;
				CLANG_WARN_QUOTED_INCLUDE_IN_FRAMEWORK_HEADER = YES;
				CLANG_WARN_RANGE_LOOP_ANALYSIS = YES;
				CLANG_WARN_STRICT_PROTOTYPES = YES;
				CLANG_WARN_SUSPICIOUS_MOVE = YES;
				CLANG_WARN_UNGUARDED_AVAILABILITY = YES_AGGRESSIVE;
				CLANG_WARN_UNREACHABLE_CODE = YES;
				CLANG_WARN__DUPLICATE_METHOD_MATCH = YES;
				COPY_PHASE_STRIP = NO;
				DEBUG_INFORMATION_FORMAT = dwarf;
				ENABLE_STRICT_OBJC_MSGSEND = YES;
				ENABLE_TESTABILITY = YES;
				GCC_C_LANGUAGE_STANDARD = gnu11;
				GCC_DYNAMIC_NO_PIC = NO;
				GCC_NO_COMMON_BLOCKS = YES;
				GCC_OPTIMIZATION_LEVEL = 0;
				GCC_PREPROCESSOR_DEFINITIONS = (
					"DEBUG=1",
					"$(inherited)",
				);
				GCC_WARN_64_TO_32_BIT_CONVERSION = YES;
				GCC_WARN_ABOUT_RETURN_TYPE = YES_ERROR;
				GCC_WARN_UNDECLARED_SELECTOR = YES;
				GCC_WARN_UNINITIALIZED_AUTOS = YES_AGGRESSIVE;
				GCC_WARN_UNUSED_FUNCTION = YES;
				GCC_WARN_UNUSED_VARIABLE = YES;
				MTL_ENABLE_DEBUG_INFO = INCLUDE_SOURCE;
				MTL_FAST_MATH = YES;
				ONLY_ACTIVE_ARCH = YES;
				SWIFT_ACTIVE_COMPILATION_CONDITIONS = DEBUG;
				SWIFT_OPTIMIZATION_LEVEL = "-Onone";
			};
			name = Debug;
		};
		C408C80D29735303007C7805 /* Release */ = {
			isa = XCBuildConfiguration;
			buildSettings = {
				ALWAYS_SEARCH_USER_PATHS = NO;
				CLANG_ANALYZER_NONNULL = YES;
				CLANG_ANALYZER_NUMBER_OBJECT_CONVERSION = YES_AGGRESSIVE;
				CLANG_CXX_LANGUAGE_STANDARD = "gnu++20";
				CLANG_ENABLE_MODULES = YES;
				CLANG_ENABLE_OBJC_ARC = YES;
				CLANG_ENABLE_OBJC_WEAK = YES;
				CLANG_WARN_BLOCK_CAPTURE_AUTORELEASING = YES;
				CLANG_WARN_BOOL_CONVERSION = YES;
				CLANG_WARN_COMMA = YES;
				CLANG_WARN_CONSTANT_CONVERSION = YES;
				CLANG_WARN_DEPRECATED_OBJC_IMPLEMENTATIONS = YES;
				CLANG_WARN_DIRECT_OBJC_ISA_USAGE = YES_ERROR;
				CLANG_WARN_DOCUMENTATION_COMMENTS = YES;
				CLANG_WARN_EMPTY_BODY = YES;
				CLANG_WARN_ENUM_CONVERSION = YES;
				CLANG_WARN_INFINITE_RECURSION = YES;
				CLANG_WARN_INT_CONVERSION = YES;
				CLANG_WARN_NON_LITERAL_NULL_CONVERSION = YES;
				CLANG_WARN_OBJC_IMPLICIT_RETAIN_SELF = YES;
				CLANG_WARN_OBJC_LITERAL_CONVERSION = YES;
				CLANG_WARN_OBJC_ROOT_CLASS = YES_ERROR;
				CLANG_WARN_QUOTED_INCLUDE_IN_FRAMEWORK_HEADER = YES;
				CLANG_WARN_RANGE_LOOP_ANALYSIS = YES;
				CLANG_WARN_STRICT_PROTOTYPES = YES;
				CLANG_WARN_SUSPICIOUS_MOVE = YES;
				CLANG_WARN_UNGUARDED_AVAILABILITY = YES_AGGRESSIVE;
				CLANG_WARN_UNREACHABLE_CODE = YES;
				CLANG_WARN__DUPLICATE_METHOD_MATCH = YES;
				COPY_PHASE_STRIP = NO;
				DEBUG_INFORMATION_FORMAT = "dwarf-with-dsym";
				ENABLE_NS_ASSERTIONS = NO;
				ENABLE_STRICT_OBJC_MSGSEND = YES;
				GCC_C_LANGUAGE_STANDARD = gnu11;
				GCC_NO_COMMON_BLOCKS = YES;
				GCC_WARN_64_TO_32_BIT_CONVERSION = YES;
				GCC_WARN_ABOUT_RETURN_TYPE = YES_ERROR;
				GCC_WARN_UNDECLARED_SELECTOR = YES;
				GCC_WARN_UNINITIALIZED_AUTOS = YES_AGGRESSIVE;
				GCC_WARN_UNUSED_FUNCTION = YES;
				GCC_WARN_UNUSED_VARIABLE = YES;
				MTL_ENABLE_DEBUG_INFO = NO;
				MTL_FAST_MATH = YES;
				SWIFT_COMPILATION_MODE = wholemodule;
				SWIFT_OPTIMIZATION_LEVEL = "-O";
			};
			name = Release;
		};
		C408C80F29735303007C7805 /* Debug */ = {
			isa = XCBuildConfiguration;
			buildSettings = {
				ASSETCATALOG_COMPILER_APPICON_NAME = AppIcon;
				ASSETCATALOG_COMPILER_GLOBAL_ACCENT_COLOR_NAME = AccentColor;
				CODE_SIGN_ENTITLEMENTS = Elections/Resources/Elections.entitlements;
				CODE_SIGN_STYLE = Automatic;
				CURRENT_PROJECT_VERSION = 1;
				DEVELOPMENT_ASSET_PATHS = "\"Elections/Resources/Preview Content\"";
				DEVELOPMENT_TEAM = 4QP2747CH7;
				ENABLE_HARDENED_RUNTIME = YES;
				ENABLE_PREVIEWS = YES;
				GENERATE_INFOPLIST_FILE = YES;
				INFOPLIST_KEY_LSApplicationCategoryType = "public.app-category.news";
				"INFOPLIST_KEY_UIApplicationSceneManifest_Generation[sdk=iphoneos*]" = YES;
				"INFOPLIST_KEY_UIApplicationSceneManifest_Generation[sdk=iphonesimulator*]" = YES;
				"INFOPLIST_KEY_UIApplicationSupportsIndirectInputEvents[sdk=iphoneos*]" = YES;
				"INFOPLIST_KEY_UIApplicationSupportsIndirectInputEvents[sdk=iphonesimulator*]" = YES;
				"INFOPLIST_KEY_UILaunchScreen_Generation[sdk=iphoneos*]" = YES;
				"INFOPLIST_KEY_UILaunchScreen_Generation[sdk=iphonesimulator*]" = YES;
				"INFOPLIST_KEY_UIStatusBarStyle[sdk=iphoneos*]" = UIStatusBarStyleDefault;
				"INFOPLIST_KEY_UIStatusBarStyle[sdk=iphonesimulator*]" = UIStatusBarStyleDefault;
				INFOPLIST_KEY_UISupportedInterfaceOrientations_iPad = "UIInterfaceOrientationPortrait UIInterfaceOrientationPortraitUpsideDown UIInterfaceOrientationLandscapeLeft UIInterfaceOrientationLandscapeRight";
				INFOPLIST_KEY_UISupportedInterfaceOrientations_iPhone = "UIInterfaceOrientationPortrait UIInterfaceOrientationLandscapeLeft UIInterfaceOrientationLandscapeRight";
				IPHONEOS_DEPLOYMENT_TARGET = 16.2;
				LD_RUNPATH_SEARCH_PATHS = "@executable_path/Frameworks";
				"LD_RUNPATH_SEARCH_PATHS[sdk=macosx*]" = "@executable_path/../Frameworks";
				MACOSX_DEPLOYMENT_TARGET = 13.1;
				MARKETING_VERSION = 0.2.0;
				PRODUCT_BUNDLE_IDENTIFIER = cz.stanislavk.dev.Elections;
				PRODUCT_NAME = "$(TARGET_NAME)";
				SDKROOT = auto;
				SUPPORTED_PLATFORMS = "iphoneos iphonesimulator macosx";
				SWIFT_EMIT_LOC_STRINGS = YES;
				SWIFT_VERSION = 5.0;
				TARGETED_DEVICE_FAMILY = "1,2";
			};
			name = Debug;
		};
		C408C81029735303007C7805 /* Release */ = {
			isa = XCBuildConfiguration;
			buildSettings = {
				ASSETCATALOG_COMPILER_APPICON_NAME = AppIcon;
				ASSETCATALOG_COMPILER_GLOBAL_ACCENT_COLOR_NAME = AccentColor;
				CODE_SIGN_ENTITLEMENTS = Elections/Resources/Elections.entitlements;
				CODE_SIGN_STYLE = Automatic;
				CURRENT_PROJECT_VERSION = 1;
				DEVELOPMENT_ASSET_PATHS = "\"Elections/Resources/Preview Content\"";
				DEVELOPMENT_TEAM = 4QP2747CH7;
				ENABLE_HARDENED_RUNTIME = YES;
				ENABLE_PREVIEWS = YES;
				GENERATE_INFOPLIST_FILE = YES;
				INFOPLIST_KEY_LSApplicationCategoryType = "public.app-category.news";
				"INFOPLIST_KEY_UIApplicationSceneManifest_Generation[sdk=iphoneos*]" = YES;
				"INFOPLIST_KEY_UIApplicationSceneManifest_Generation[sdk=iphonesimulator*]" = YES;
				"INFOPLIST_KEY_UIApplicationSupportsIndirectInputEvents[sdk=iphoneos*]" = YES;
				"INFOPLIST_KEY_UIApplicationSupportsIndirectInputEvents[sdk=iphonesimulator*]" = YES;
				"INFOPLIST_KEY_UILaunchScreen_Generation[sdk=iphoneos*]" = YES;
				"INFOPLIST_KEY_UILaunchScreen_Generation[sdk=iphonesimulator*]" = YES;
				"INFOPLIST_KEY_UIStatusBarStyle[sdk=iphoneos*]" = UIStatusBarStyleDefault;
				"INFOPLIST_KEY_UIStatusBarStyle[sdk=iphonesimulator*]" = UIStatusBarStyleDefault;
				INFOPLIST_KEY_UISupportedInterfaceOrientations_iPad = "UIInterfaceOrientationPortrait UIInterfaceOrientationPortraitUpsideDown UIInterfaceOrientationLandscapeLeft UIInterfaceOrientationLandscapeRight";
				INFOPLIST_KEY_UISupportedInterfaceOrientations_iPhone = "UIInterfaceOrientationPortrait UIInterfaceOrientationLandscapeLeft UIInterfaceOrientationLandscapeRight";
				IPHONEOS_DEPLOYMENT_TARGET = 16.2;
				LD_RUNPATH_SEARCH_PATHS = "@executable_path/Frameworks";
				"LD_RUNPATH_SEARCH_PATHS[sdk=macosx*]" = "@executable_path/../Frameworks";
				MACOSX_DEPLOYMENT_TARGET = 13.1;
				MARKETING_VERSION = 0.2.0;
				PRODUCT_BUNDLE_IDENTIFIER = cz.stanislavk.dev.Elections;
				PRODUCT_NAME = "$(TARGET_NAME)";
				SDKROOT = auto;
				SUPPORTED_PLATFORMS = "iphoneos iphonesimulator macosx";
				SWIFT_EMIT_LOC_STRINGS = YES;
				SWIFT_VERSION = 5.0;
				TARGETED_DEVICE_FAMILY = "1,2";
			};
			name = Release;
		};
/* End XCBuildConfiguration section */

/* Begin XCConfigurationList section */
		C408C7FA29735302007C7805 /* Build configuration list for PBXProject "Elections" */ = {
			isa = XCConfigurationList;
			buildConfigurations = (
				C408C80C29735303007C7805 /* Debug */,
				C408C80D29735303007C7805 /* Release */,
			);
			defaultConfigurationIsVisible = 0;
			defaultConfigurationName = Release;
		};
		C408C80E29735303007C7805 /* Build configuration list for PBXNativeTarget "Elections" */ = {
			isa = XCConfigurationList;
			buildConfigurations = (
				C408C80F29735303007C7805 /* Debug */,
				C408C81029735303007C7805 /* Release */,
			);
			defaultConfigurationIsVisible = 0;
			defaultConfigurationName = Release;
		};
/* End XCConfigurationList section */
	};
	rootObject = C408C7F729735302007C7805 /* Project object */;
}
